
Microsoft Visual Studio Solution File, Format Version 12.00
# Visual Studio Version 17
VisualStudioVersion = 17.1.32407.343
MinimumVisualStudioVersion = 10.0.40219.1
Project("{FAE04EC0-301F-11D3-BF4B-00C04F79EFBC}") = "Exercicio1_lista3", "Exercicio1_lista3.csproj", "{F9430F25-D452-4077-8324-E3201C6EE1A3}"
EndProject
Global
	GlobalSection(SolutionConfigurationPlatforms) = preSolution
		Debug|Any CPU = Debug|Any CPU
		Release|Any CPU = Release|Any CPU
	EndGlobalSection
	GlobalSection(ProjectConfigurationPlatforms) = postSolution
		{F9430F25-D452-4077-8324-E3201C6EE1A3}.Debug|Any CPU.ActiveCfg = Debug|Any CPU
		{F9430F25-D452-4077-8324-E3201C6EE1A3}.Debug|Any CPU.Build.0 = Debug|Any CPU
		{F9430F25-D452-4077-8324-E3201C6EE1A3}.Release|Any CPU.ActiveCfg = Release|Any CPU
		{F9430F25-D452-4077-8324-E3201C6EE1A3}.Release|Any CPU.Build.0 = Release|Any CPU
	EndGlobalSection
	GlobalSection(SolutionProperties) = preSolution
		HideSolutionNode = FALSE
	EndGlobalSection
	GlobalSection(ExtensibilityGlobals) = postSolution
		SolutionGuid = {5E73563A-11B0-4808-9EB9-468A462BA931}
	EndGlobalSection
EndGlobal
