
Microsoft Visual Studio Solution File, Format Version 12.00
# Visual Studio Version 17
VisualStudioVersion = 17.1.32407.343
MinimumVisualStudioVersion = 10.0.40219.1
Project("{9A19103F-16F7-4668-BE54-9A1E7A4F7556}") = "Exercicio3_lista3", "Exercicio3_lista3.csproj", "{8448CF70-1E1F-464A-BBC5-8DE175CAC090}"
EndProject
Global
	GlobalSection(SolutionConfigurationPlatforms) = preSolution
		Debug|Any CPU = Debug|Any CPU
		Release|Any CPU = Release|Any CPU
	EndGlobalSection
	GlobalSection(ProjectConfigurationPlatforms) = postSolution
		{8448CF70-1E1F-464A-BBC5-8DE175CAC090}.Debug|Any CPU.ActiveCfg = Debug|Any CPU
		{8448CF70-1E1F-464A-BBC5-8DE175CAC090}.Debug|Any CPU.Build.0 = Debug|Any CPU
		{8448CF70-1E1F-464A-BBC5-8DE175CAC090}.Release|Any CPU.ActiveCfg = Release|Any CPU
		{8448CF70-1E1F-464A-BBC5-8DE175CAC090}.Release|Any CPU.Build.0 = Release|Any CPU
	EndGlobalSection
	GlobalSection(SolutionProperties) = preSolution
		HideSolutionNode = FALSE
	EndGlobalSection
	GlobalSection(ExtensibilityGlobals) = postSolution
		SolutionGuid = {79310644-8F8E-43C5-A661-8663D0BA55A2}
	EndGlobalSection
EndGlobal
